lockVersion: 2.0.0
id: 77dbe0f5-bd71-4808-8102-230d4ffc4dc7
management:
  docChecksum: 7d5cd58eeb46bb65394f8d93701de5d3
  docVersion: 1.0.0
  speakeasyVersion: 1.733.4
  generationVersion: 2.845.12
  releaseVersion: 2.3.0
  configChecksum: 8a3f331950b6f7e77a32f7cd1db0b5f8
  published: true
persistentEdits:
  generation_id: 137cb5fb-bdb8-4499-aeff-a6321a1bdb1b
  pristine_commit_hash: 6b6328c7225337c31677e43d97830359df07c179
  pristine_tree_hash: bf00b109fbef4edf704a638751b1cd9a7c8e666a
features:
  python:
    acceptHeaders: 3.0.0
    additionalDependencies: 1.0.0
    constsAndDefaults: 1.0.7
    core: 6.0.15
    defaultEnabledRetries: 0.2.0
    enumUnions: 0.1.0
    envVarSecurityUsage: 0.3.2
    flatRequests: 1.0.1
    flattening: 3.1.1
    globalSecurity: 3.0.5
    globalSecurityCallbacks: 1.0.0
    globalSecurityFlattening: 1.0.0
    globalServerURLs: 3.2.1
    methodArguments: 1.0.2
    methodServerURLs: 3.1.2
    nameOverrides: 3.0.3
    nullables: 1.0.2
    responseFormat: 1.1.0
    retries: 3.0.4
    sdkHooks: 1.2.1
    serverEvents: 1.0.13
    unions: 3.1.4
trackedFiles:
  .gitattributes:
    id: 24139dae6567
    last_write_checksum: sha1:53134de3ada576f37c22276901e1b5b6d85cd2da
    pristine_git_object: 4d75d59008e4d8609876d263419a9dc56c8d6f3a
  .vscode/settings.json:
    id: 89aa447020cd
    last_write_checksum: sha1:f84632c81029fcdda8c3b0c768d02b836fc80526
    pristine_git_object: 8d79f0abb72526f1fb34a4c03e5bba612c6ba2ae
  USAGE.md:
    id: 3aed33ce6e6f
    last_write_checksum: sha1:9c6e80ea166a9a6d5973a69ce2788e6c65f264c6
    pristine_git_object: 9f08d215c86cda516bb2283683def17f64339774
  docs/errors/agentruns400responseerror.md:
    id: 4a255bc34dbc
    last_write_checksum: sha1:52fd0795019408368d8d17c72c7dafe6267e7799
    pristine_git_object: e4e48bfdf33cf196d41064183b12e6d1e3edb231
  docs/errors/agentruns401responseerror.md:
    id: 1f61b7b587ab
    last_write_checksum: sha1:58285864fcc3859fee369a8858d7ee696e7c9492
    pristine_git_object: 7f02021e7673d81dab9a6dc59f620b71c6f8a5a3
  docs/errors/agentruns422responseerror.md:
    id: 563424bde43f
    last_write_checksum: sha1:d6fa9395601c34917e0c7bf80ec8378641d89ce9
    pristine_git_object: de23c318d560e32c2015128e590348d52d84dce5
  docs/errors/contentsforbiddenerror.md:
    id: f29faf0667d2
    last_write_checksum: sha1:3a863233031f25949057e9e258e41a55965dfb6e
    pristine_git_object: 81d690f0cd0f42cbe2db676a45ee59db84def43f
  docs/errors/contentsinternalservererror.md:
    id: 6f136fea0383
    last_write_checksum: sha1:89b8b80416518f036c8825ed773e4b092a7dde00
    pristine_git_object: 8dabd744caf24f9ce90fab0d8bb3f5ecdfeb7e44
  docs/errors/contentsunauthorizederror.md:
    id: c673d1fd50f2
    last_write_checksum: sha1:c3aae77709d87098770406f004c19a27ef930e83
    pristine_git_object: 486b384d58421877ad73fa963a812c8cc83b5f1c
  docs/errors/researchforbiddenerror.md:
    id: 38294d725501
    last_write_checksum: sha1:6a2a0e75dc6ba751562e90bbb85fda2dda20ff60
    pristine_git_object: 9f18fd00d61656f4db977f5adf3ff2274700f20d
  docs/errors/researchinternalservererror.md:
    id: e140fbce184f
    last_write_checksum: sha1:66f12319d49979b07d18489f5fdefad610ea42f6
    pristine_git_object: 5576cc81dab7ef5b597c8c71d79497b5c7cff741
  docs/errors/researchunauthorizederror.md:
    id: 90348ea8ad14
    last_write_checksum: sha1:8948e2a9d19578d31dc9556b3a498208f6eaea1e
    pristine_git_object: 9516b1732d6641bf0077ceee9c044ef662d456c8
  docs/errors/searchforbiddenerror.md:
    id: fb63bcabfad1
    last_write_checksum: sha1:b7e3a2369be34808acaa576f9384b9daf32b9b2c
    pristine_git_object: 3a7b4fc18f4f9344cee2250bf78d73a8ae267534
  docs/errors/searchinternalservererror.md:
    id: 6aa0b8aa8b2c
    last_write_checksum: sha1:3299b61b84ba075aea6830091acc52e96ff121fb
    pristine_git_object: 28d41b1c3dc2096be2a879157857e208bed3db44
  docs/errors/searchunauthorizederror.md:
    id: bd64fef413da
    last_write_checksum: sha1:1d70ee061964342b0e48d2f9f726bbc49d492820
    pristine_git_object: f799351c432b366215f25cff8710c8b082ceb997
  docs/errors/unprocessableentityerror.md:
    id: 49570373f8e1
    last_write_checksum: sha1:6995ccac169fa137740bbbf5136a8fd7ee016e15
    pristine_git_object: 5abff965877a345c70cc64d6138b7e84946622f7
  docs/models/advancedagentrunsrequest.md:
    id: 1b4e175934b4
    last_write_checksum: sha1:73a48e950bb5313ee31f36c8bafff77c22078861
    pristine_git_object: 596bc50cef57e8402f45539d69327682a047f7e1
  docs/models/agentrunsbatchresponse.md:
    id: 04584f262eed
    last_write_checksum: sha1:22c9d779fdccf76ec7b4592630b4b263d6f8e5ce
    pristine_git_object: 5922b796b8395ed5f99cc99ce4515bf0c39c1cf3
  docs/models/agentrunsresponseoutput.md:
    id: 628cb50c13b9
    last_write_checksum: sha1:b7fe4c0c6d2ea03dd892fc9621b49beb2462cc4d
    pristine_git_object: b7f92254fcd6c1e10543ef9dba14a33c5310658b
  docs/models/agentrunsresponsewebsearchresult.md:
    id: 4a4bd85222f8
    last_write_checksum: sha1:5bc3183d0e6cc770cf55b21fd5d45c549b039cb1
    pristine_git_object: 6bdcf11d3e9fd725f3daf4717f6a3361a2a29665
  docs/models/agentrunsstreamingresponse.md:
    id: 421588ccf00d
    last_write_checksum: sha1:b435f704376b951318496e35b1e669ea565c5b88
    pristine_git_object: 897ae070ceece782a22f5d00b1672bb021cc43f2
  docs/models/agentsrunsrequest.md:
    id: f6a0996a3515
    last_write_checksum: sha1:e4922f53b8691df22059216a1306473b6f721750
    pristine_git_object: 9140c34e22951697ee7c5c253d5122cb205b2d2c
  docs/models/agentsrunsresponse.md:
    id: 161c35469119
    last_write_checksum: sha1:517124f639e3d7baf45eaaa389c572dcd85e1fc8
    pristine_git_object: 22dfbc929b78486f693671db7d5ae6297f24e6cf
  docs/models/computetool.md:
    id: 57c817282ef7
    last_write_checksum: sha1:e0ebc2c82bc98687d9d3257dff8244e4d1023735
    pristine_git_object: 5c8b09feed16bdcfcae523839b5d4c602486e3a7
  docs/models/contents.md:
    id: da6e46f8e038
    last_write_checksum: sha1:954a223de149c3d7164949ca0783d8ff4616dcdc
    pristine_git_object: a19143ec48165b836977bc9621ab61c11a52c337
  docs/models/contentsformats.md:
    id: afdc3b11d819
    last_write_checksum: sha1:a34d7a952e3e349c8a098f205e80e328b6dc9fb5
    pristine_git_object: 1944732d23cbe1f44e01d879d907031138e4ab50
  docs/models/contentsmetadata.md:
    id: 9240f2df8fbf
    last_write_checksum: sha1:2e8998401af96080a89aa177135011e8f79be878
    pristine_git_object: 6050bc0a757b2ea380ae2b1aaffc789588b44fa0
  docs/models/contentsrequest.md:
    id: 9e0c7be98068
    last_write_checksum: sha1:ee5a86cac6f99df2c46b6a500490dd69d289e194
    pristine_git_object: fec30b007750d47d0d9cb260a0a984fe1d846ba7
  docs/models/contentsresponse.md:
    id: 3be584b2a8cf
    last_write_checksum: sha1:357146cd86137bee392eed939594c1630937b377
    pristine_git_object: 7e81c7aa44ebb89cd11fc8ed4e75ad0802496589
  docs/models/contenttype.md:
    id: 78e9266f4216
    last_write_checksum: sha1:b07de74e6e51de014aac32016de80db12ff83ee3
    pristine_git_object: b043bcf6036d260ace3df072d2dc57d4fdcb4656
  docs/models/country.md:
    id: a9be7df1a5df
    last_write_checksum: sha1:fe1e2a0d00c9e256751e759eb55ba5e722562be8
    pristine_git_object: a4fc0c4a5fe56d54ac00725850ea1e243b0d8f64
  docs/models/customagentrunsrequest.md:
    id: 985d655f63bc
    last_write_checksum: sha1:35757db39efe4a2d68133956ccc14f54a918c561
    pristine_git_object: d9b662531a8203e9eb0f945ac68a14826e3b292f
  docs/models/data.md:
    id: 9a31987caf78
    last_write_checksum: sha1:1eb699f2bd70920cba1b26690b8793660552286d
    pristine_git_object: caff37e6f4704da440c4236b1e7ab1f1b303f91a
  docs/models/detail.md:
    id: bfd4e327e742
    last_write_checksum: sha1:32727a92e089117e460fad79af339fe8115a74f4
    pristine_git_object: c7ea282bc255e6185466b5769d0e4d83529090db
  docs/models/expressagentrunsrequest.md:
    id: 103f294a3f64
    last_write_checksum: sha1:bca1ea4c189cc504768a8eed46e36b2904880bdf
    pristine_git_object: 271ad1a06da7cc2c5a02c2dcf14091aceaba5fe6
  docs/models/freshness.md:
    id: 88acdb1a4cde
    last_write_checksum: sha1:5a20b012ce095064aaedfc09db5dbdf170ffc27c
    pristine_git_object: e3b507d2b9e37f660ba541d2d4967ae2db681434
  docs/models/input1.md:
    id: 13ac5c7b8e41
    last_write_checksum: sha1:cd17fe02727f29475456bd76bfd5dd2ecf61612d
    pristine_git_object: 8b6df1b3fe78557e96f42e4c72b02a32d3b7c8e8
  docs/models/input2.md:
    id: f914f15b24f1
    last_write_checksum: sha1:4e59087bf04e435ff5ec762ecf80e3a2abd490f6
    pristine_git_object: fefc4e562d59c1e90c2c3886d6c1735be5d88a9d
  docs/models/language.md:
    id: 5bac2bb42c7c
    last_write_checksum: sha1:06df16a4f694c3844bfcd18e3f44e23b3f49efc9
    pristine_git_object: 862060bbb008c512f27d50fc792a74ae49d47de9
  docs/models/livecrawl.md:
    id: 8f56dc6b7dc1
    last_write_checksum: sha1:0fa766715e42797a2b53a6c3f905d171c007c8e4
    pristine_git_object: ff4239adeea3c3273d4d2b77ee98be032782e79c
  docs/models/livecrawlformats.md:
    id: e1f2ecc26149
    last_write_checksum: sha1:d5f25c6bd17417afa054143b342d82099cccb005
    pristine_git_object: dcfb11252321864cc52c4761d626f702c5ef88d8
  docs/models/loc.md:
    id: b071d5a509cc
    last_write_checksum: sha1:09a04749333ab50ae806c3ac6adcaa90d54df0f1
    pristine_git_object: d6094ac2c6e0326c039dad2f6b89158694ef6aa7
  docs/models/metadata.md:
    id: ad63dba5a4f8
    last_write_checksum: sha1:aea47d78e0d9e08c5a4709833dc6426334c82503
    pristine_git_object: 66efc64ae136f21939a01251b2bf89ad216e3bfb
  docs/models/news.md:
    id: c070462247dc
    last_write_checksum: sha1:f5aea8d54b1d4f21cd98d934ae913ecdecd35a6b
    pristine_git_object: fec0835c5d443cb3675a49ff221152b17b6bb027
  docs/models/output.md:
    id: 376633b966cd
    last_write_checksum: sha1:45d7d4baf3d5bd47998470a3261d5d842216a895
    pristine_git_object: d7c2771a56efeb0f63d0c388c621748c5ac93572
  docs/models/reportverbosity.md:
    id: d06de274a3c5
    last_write_checksum: sha1:a9b998858b5efb701cfee75690c1a0e160ffdce1
    pristine_git_object: 1a2aae5cdb01b31eb1590b76e52f08b9ab6d19f0
  docs/models/researchdetail.md:
    id: ac4ed946dccb
    last_write_checksum: sha1:f43174f11eb01588ded19f3e06c072a3589c4df9
    pristine_git_object: e635556b70c8aff5211a13aab43c6aa27fad4b4e
  docs/models/researcheffort.md:
    id: 5b67676468b4
    last_write_checksum: sha1:8e3dc42805efa230a574cce116659bff6a550061
    pristine_git_object: e54e2072a76ab8bad9edc76563323a501a761204
  docs/models/researchinput.md:
    id: a5099da2ac37
    last_write_checksum: sha1:a2212309beac7493be856f4dcff2c08af5fd3c9e
    pristine_git_object: 440a4440591c38081f66c1d9f37395b1b4faf89d
  docs/models/researchloc.md:
    id: 3aeace91cdd2
    last_write_checksum: sha1:2666811f4486af8652e691adb62b0481f4fb2692
    pristine_git_object: 54741e7b741e96ee1b130afa66523e61215aa21e
  docs/models/researchrequest.md:
    id: bf0af2378820
    last_write_checksum: sha1:92742ce12e177769db3e738aa27e9cbc7ccb986a
    pristine_git_object: be8ad6ef6bd2a278d5e78fbab735437dcd3d6ae4
  docs/models/researchresponse.md:
    id: e2ac4b94e0e5
    last_write_checksum: sha1:0c004acb2376d5bd678f1daad46abf0fc5aeef68
    pristine_git_object: 58a1bc31d29cb4d036f52cbeb4bd2ffd95ce88ab
  docs/models/researchtool.md:
    id: 68f310f2701f
    last_write_checksum: sha1:d5f85e978e3fb30fb80a8a362b0f8decf2a020fd
    pristine_git_object: b4ede4276d7978b45bb6e6ecd23b71dd61c64600
  docs/models/responsecreated.md:
    id: 367a02a3603b
    last_write_checksum: sha1:7d4508ce78de9795b329564c89d498f02fe54c20
    pristine_git_object: 4e10ecca440ceb7935272761cd3872c934752a0c
  docs/models/responsedone.md:
    id: 021495f3139d
    last_write_checksum: sha1:f2b0459fb238bbbb86a84c7d4df5a866d1892d99
    pristine_git_object: 6010f6bb2a11f427574dab6f3b29334b598cd524
  docs/models/responsedoneresponse.md:
    id: 1bee90c808d7
    last_write_checksum: sha1:60799ed98b3c9562de26c4e388b777d84947cc27
    pristine_git_object: a702eabd81894b456c62031e26f33381f0235945
  docs/models/responseoutputcontentfull.md:
    id: c2124663e312
    last_write_checksum: sha1:cf1e8342c2066b6f7042e2863651ea4d3f1181f1
    pristine_git_object: 03514433211cab18f56ecc0ea4030185ad8bb510
  docs/models/responseoutputcontentfullresponse.md:
    id: b3f56988e304
    last_write_checksum: sha1:a4c2dbe9e01f3d0fc5c4a22270a9f633abc0b4f0
    pristine_git_object: 3391d4f4db84952825f79c29affacf596c1372a0
  docs/models/responseoutputitemadded.md:
    id: 0b502df74939
    last_write_checksum: sha1:4fe3c83ee9b43b9be7ce0f726a200ffc24755005
    pristine_git_object: 7eae6248548a151463c7be361e18374ba57c797a
  docs/models/responseoutputitemaddedresponse.md:
    id: 8db1d25923bd
    last_write_checksum: sha1:0119f378cdee24ef6ac1420c2affed55b79462f7
    pristine_git_object: 4acf2143d4eacf2b49539d2ffb6a9ffe031fd388
  docs/models/responseoutputitemdone.md:
    id: a2303f075518
    last_write_checksum: sha1:578099c234e607610cf9129c3e19a9fd7ad549cc
    pristine_git_object: 382af8750414faf6ca76f7a40e129137b0f8cf4c
  docs/models/responseoutputitemdoneresponse.md:
    id: 1decbf43cd71
    last_write_checksum: sha1:30e0e0b2991169f9278d60097bfb325af9ed8c70
    pristine_git_object: 9d2c570ad8ab051b42252bff8a8f621d16bdd796
  docs/models/responseoutputtextdelta.md:
    id: 013ccf043599
    last_write_checksum: sha1:751de12f3118aef8a88261095838e49bb8cfe59e
    pristine_git_object: b584c1a3f1f48a472e4bf1ef1767bff4f0846229
  docs/models/responseoutputtextdeltaresponse.md:
    id: 15503bf62515
    last_write_checksum: sha1:2cdaacd50a5be662b803516687bde22dc39f855e
    pristine_git_object: 431cd0a3829d36ff77db8fb957078e7ba5cabbc7
  docs/models/responsestarting.md:
    id: e315ded134b4
    last_write_checksum: sha1:326a9f1e5a3413b94c6656df55c7fc580231c2b8
    pristine_git_object: 5d468de3e2eddb033379b1d482fd8dd094bdb491
  docs/models/results.md:
    id: c3a733d7c7d3
    last_write_checksum: sha1:cbc367f031a3d43e64e94d3ae44ee34abe109aec
    pristine_git_object: c178f25b346e5be3f1f4811833c328077b7e1a38
  docs/models/role.md:
    id: b694540a5b1e
    last_write_checksum: sha1:74be0fbc7ed9966430da371eeadcdc51a4682568
    pristine_git_object: 3313880be54fd8c5d8761a4d8c8fb7c0e5b547c9
  docs/models/safesearch.md:
    id: 03e75d7f2e0d
    last_write_checksum: sha1:6c928a770884f09c5ed23dc5932eadde3de93f0a
    pristine_git_object: 2eae368bba6cff41ac768346fa6e665763443e8a
  docs/models/searchcountry.md:
    id: 4975534e7011
    last_write_checksum: sha1:99f418edaa8659ea654b30dfaf1d27da3a1e5853
    pristine_git_object: 9a95aec4988b5988130ec13393e9df3a3dd09330
  docs/models/searcheffort.md:
    id: d518e1b065c1
    last_write_checksum: sha1:daf57c9492c74819e1d4d51a62493000d7601ced
    pristine_git_object: 95bb5b7394fb231b3b9cef813050863140ea65b9
  docs/models/searchfreshness.md:
    id: 11d81669a994
    last_write_checksum: sha1:fa45060666c3fa42d6b65c2d7ec27b5cb0c9b483
    pristine_git_object: e9478183db391bc49b2f3a0a9a877e358cb4899d
  docs/models/searchlivecrawl.md:
    id: "953023757e55"
    last_write_checksum: sha1:ffbcb9b63322706b9bc9fe1bae22fc6d83efc405
    pristine_git_object: ccf920074bc843e17549a6075b487b54b959e52a
  docs/models/searchlivecrawlformats.md:
    id: 3cc9911fcc52
    last_write_checksum: sha1:86e52959e8423e180e49d799a9eafa0cca09f1ec
    pristine_git_object: 690de1f50a63ba69c5a73a5a2f7792b94b968436
  docs/models/searchrequest.md:
    id: bc36c5e5aee1
    last_write_checksum: sha1:da9699efe63a7983e7265387fd12334508881ef3
    pristine_git_object: 1adb45e0d501c83f4ecdbb7b84879eefb20a3d52
  docs/models/searchresponse.md:
    id: d5606b4d403f
    last_write_checksum: sha1:27a70c88fc494aa9dfda622d16da17d1a5c06996
    pristine_git_object: 5a85ee387b6c5acf7a1a032f16c0217f0b5eaffe
  docs/models/searchsafesearch.md:
    id: eb4c497e183a
    last_write_checksum: sha1:ab9775fc51fb957ba3867ffbefc000e230c45d2c
    pristine_git_object: fdad51ae07ea1ea8316d0a5d74d178751a5cc34a
  docs/models/security.md:
    id: 452e4d4eb67a
    last_write_checksum: sha1:71fdd7bbeb4eccce70c9b87e9631d708571e0f17
    pristine_git_object: 0346db068b3d37366beee9c844a3643d6a332cee
  docs/models/source.md:
    id: 6541ef7b41e7
    last_write_checksum: sha1:483698db3a1c935665a55f062761e2250173f813
    pristine_git_object: 174794d3a4732ea91a88d0b9b8d058127fc62f27
  docs/models/tool.md:
    id: 8966139dbeed
    last_write_checksum: sha1:75d2ca9e2e2b19ceaa89db32c055b290709edc5a
    pristine_git_object: bb6d45112ef7ab37ea8cfab1f85eb32e9954679d
  docs/models/type.md:
    id: 98c32f09b2c8
    last_write_checksum: sha1:b600867b718b88b2f1e2cfe3c0f21b96d76810fe
    pristine_git_object: db75a343248f6ae78c434dd3d6f08a7a5f6d5374
  docs/models/utils/retryconfig.md:
    id: 4343ac43161c
    last_write_checksum: sha1:562c0f21e308ad10c27f85f75704c15592c6929d
    pristine_git_object: 69dd549ec7f5f885101d08dd502e25748183aebf
  docs/models/verbosity.md:
    id: a29d18f70f3d
    last_write_checksum: sha1:9e4cb70588e5f8f031ba87a597cce3990bf352a5
    pristine_git_object: 3c30d679f2f512001915219f9b55774095c37ba6
  docs/models/web.md:
    id: 79d8feb1f106
    last_write_checksum: sha1:d078cecf81002cee78b56ca4ebcbdfc301b80473
    pristine_git_object: b66b06507308267f48b10a0d012494f59d2d272d
  docs/models/websearchtool.md:
    id: fc4df52fb9b5
    last_write_checksum: sha1:3dd3b260252f363f9c6ae617fd38288bd007fad1
    pristine_git_object: 5cdccb407b16a36d44a50144f03b08add890d077
  docs/models/workflowconfig.md:
    id: f001930acbb7
    last_write_checksum: sha1:63c40c6883be0a1af95095db6cf0e018e2fdca26
    pristine_git_object: b8a67d378796378511ff5969bc86f6c6406f3576
  docs/sdks/contentssdk/README.md:
    id: 7ca17aeff32d
    last_write_checksum: sha1:ce6d4513d733269954debb41f7f453ba8759723b
    pristine_git_object: e4ce470a54ad136244116e5d218ef62f54402da9
  docs/sdks/runs/README.md:
    id: 4598fd39b715
    last_write_checksum: sha1:a4fa67e2225b766de164057368ea6fea5e9035ed
    pristine_git_object: c8d570f44294f1c6d2905701506867ef1ff4576b
  docs/sdks/search/README.md:
    id: 5c534716244c
    last_write_checksum: sha1:2a9b67f8171c4ff82f2e46d8fef716e645fedfe8
    pristine_git_object: 72bfdc70ed5ced95fbf35318614a49976a823af1
  docs/sdks/you/README.md:
    id: 1abb954b0afb
    last_write_checksum: sha1:4f5546910a5dfcda054541096cc98b945d41cab6
    pristine_git_object: 6be14705d30d36358fe5e422c8d84c45171b1467
  py.typed:
    id: 258c3ed47ae4
    last_write_checksum: sha1:8efc425ffe830805ffcc0f3055871bdcdc542c60
    pristine_git_object: 3e38f1a929f7d6b1d6de74604aa87e3d8f010544
  pylintrc:
    id: 7ce8b9f946e6
    last_write_checksum: sha1:b08ef8689f6474e400ebbe9c8baf7d7b9fae3a73
    pristine_git_object: f456032107a9387ba6c98afd1c981df2f4b3d636
  pyproject.toml:
    id: 5d07e7d72637
    last_write_checksum: sha1:52fa68a283dba10ff1069fed74cf81ab03fc1468
    pristine_git_object: 290ebddeeb9306329af4f48500a7fc9a708eff70
  scripts/publish.sh:
    id: fe273b08f514
    last_write_checksum: sha1:adc9b741c12ad1591ab4870eabe20f0d0a86cd1a
    pristine_git_object: ef28dc10c60d7d6a4bac0c6a1e9caba36b471861
  src/youdotcom/__init__.py:
    id: de52fa8763cc
    last_write_checksum: sha1:da077c0bdfcef64a4a5aea91a17292f72fa2b088
    pristine_git_object: 833c68cd526fe34aab2b7e7c45f974f7f4b9e120
  src/youdotcom/_hooks/__init__.py:
    id: a370ae86d681
    last_write_checksum: sha1:e3111289afd28ad557c21d9e2f918caabfb7037d
    pristine_git_object: 2ee66cdd592fe41731c24ddd407c8ca31c50aec1
  src/youdotcom/_hooks/sdkhooks.py:
    id: ae69916cdcf0
    last_write_checksum: sha1:178db1da49608906b8160dfa958a508b303de3b0
    pristine_git_object: 48d0589d2a8c91e461bf078223e50797256c6125
  src/youdotcom/_hooks/types.py:
    id: 0b21d2f9c319
    last_write_checksum: sha1:0f33c86fb76d38a27e731d37766a5a1a8467e29e
    pristine_git_object: 13987cea395263dc4b60a5ee4cb9d8c65f95fc9f
  src/youdotcom/_version.py:
    id: 5224f82ecc7b
    last_write_checksum: sha1:01235a099c799feb9e36352e6c10fcfd6371552b
    pristine_git_object: c998bfdeb29e4fee6ea9edb89caaec14cac7c449
  src/youdotcom/agents.py:
    id: 0ec0f4c4e0d0
    last_write_checksum: sha1:4b58c15455f5410f050cfc8be831bfb6401d68ad
    pristine_git_object: 9090364d995f43bed128ecf046863c697691fd83
  src/youdotcom/basesdk.py:
    id: c1c9ef882178
    last_write_checksum: sha1:21f701e27915aa678685dead53bb65f8b9c1f25b
    pristine_git_object: ea145dd9a33a92ca4d64ca9ee88d499dcf8adc78
  src/youdotcom/contents_sdk.py:
    id: 0684c08251f6
    last_write_checksum: sha1:df4747161f79c38ccdcfbdf858f361e8d611ca11
    pristine_git_object: a21a07c01058262259ce70c61c5cc04d708e2086
  src/youdotcom/errors/__init__.py:
    id: e7ee44aa2c0f
    last_write_checksum: sha1:3cda7690491c92a99b17243d42ffdc41cdb64abd
    pristine_git_object: 2193daa39144685fdad94368aae2789a134d11d3
  src/youdotcom/errors/agentruns400response_error.py:
    id: 6e04ce5f87f1
    last_write_checksum: sha1:3d8694955e3799f0c762f605074d403b8b2203ab
    pristine_git_object: bce533b275ec1159ac16e22627d156bbc8e1518e
  src/youdotcom/errors/agentruns401response_error.py:
    id: bcc5cc460d23
    last_write_checksum: sha1:2dfb81c09ef52427d9f5bb7216e84ab7f07d5d0e
    pristine_git_object: 50df6789ace55831331ed2c5c1411c545ab4da48
  src/youdotcom/errors/agentruns422response_error.py:
    id: 5a29847fc4cf
    last_write_checksum: sha1:b0a78b35b2b86d8ce0d226e6dd89470d56b230f4
    pristine_git_object: c86c94af3ec33f7c7c7d167a25e0dd3a13775206
  src/youdotcom/errors/contentsop.py:
    id: 92163cd72b73
    last_write_checksum: sha1:0589479e94a35d68deac9064f098ce0569b3e36d
    pristine_git_object: 443fd304ff07e7623911e094281ab2f1661843f1
  src/youdotcom/errors/no_response_error.py:
    id: 9f953dc697cf
    last_write_checksum: sha1:7f326424a7d5ae1bcd5c89a0d6b3dbda9138942f
    pristine_git_object: 1deab64bc43e1e65bf3c412d326a4032ce342366
  src/youdotcom/errors/researchop.py:
    id: 8143ca635d3f
    last_write_checksum: sha1:66e92b01868dda50157ced7254e072293e868283
    pristine_git_object: b1a5836fc9ac80feae48c5bc937f5ebb61dc803c
  src/youdotcom/errors/responsevalidationerror.py:
    id: 0ad5034298b3
    last_write_checksum: sha1:f95060059297e22c183f9e387df44eb03aac1f5c
    pristine_git_object: 8e3bb217198ec204c2c92aa0c3f1aa92ce1ec5c3
  src/youdotcom/errors/searchop.py:
    id: d7ef659447d5
    last_write_checksum: sha1:84a1f680cc4df4ccb54b5c7aaa7c68c02a431d67
    pristine_git_object: 9bb37947302e02e38676bbef8f5f12b4f831c3df
  src/youdotcom/errors/youdefaulterror.py:
    id: 4a5d0619a409
    last_write_checksum: sha1:1b4ccd64f7c7845f589d1a43735da0a0ea186459
    pristine_git_object: 795cc568b9ae7252d38ad478db8e5845dd7a0646
  src/youdotcom/errors/youerror.py:
    id: 69bdecea2a9e
    last_write_checksum: sha1:6234f40bf5cc32147457ab27a9cae9dc4dbe39a0
    pristine_git_object: cedd8c0f87c42dd4d2577b7149aa5871938ac659
  src/youdotcom/httpclient.py:
    id: b97c4e6cfb19
    last_write_checksum: sha1:5e55338d6ee9f01ab648cad4380201a8a3da7dd7
    pristine_git_object: 89560b566073785535643e694c112bedbd3db13d
  src/youdotcom/models/__init__.py:
    id: ad350e4fd8c1
    last_write_checksum: sha1:b7ac540f79ae19ad6bc96101a99b3d2df3d29325
    pristine_git_object: 804e5c280c7b35c49fcb7ea9db759c0b5444274d
  src/youdotcom/models/advancedagentrunsrequest.py:
    id: 6bb8d5dd67d4
    last_write_checksum: sha1:d1207266cea794cac55224e3bc6aed2f66422949
    pristine_git_object: f271b2bff38f6c55a2a6e3f890ef04bb6b1405c9
  src/youdotcom/models/agentruns422response_error.py:
    id: 6731cdd29afd
    last_write_checksum: sha1:e9c70fe90257d4f3a93ea7d730e4d7f662dbd7bb
    pristine_git_object: 41240562660e2a4dd1ee4823ae31e843ce51c056
  src/youdotcom/models/agentrunsbatchresponse.py:
    id: 38fe9f202ccb
    last_write_checksum: sha1:0717ce0715c0cd84de6f21e9822c8029197bcf67
    pristine_git_object: 187616cbe44da1ecaeffe76bb0fc55985f1e242d
  src/youdotcom/models/agentrunsresponseoutput.py:
    id: 6ac5478f43e0
    last_write_checksum: sha1:8ebe3e761e97a1fcb81a3e180dd9643f705e7367
    pristine_git_object: 14726f52263a8f553a12ee6dd24f5451a65adf62
  src/youdotcom/models/agentrunsresponsewebsearchresult.py:
    id: e85bdd982508
    last_write_checksum: sha1:03d003761e73fea392805382b36545792acac7dd
    pristine_git_object: a0a105cab1cf1c161370a4579b7ef93cda0ed4c0
  src/youdotcom/models/agentrunsstreamingresponse.py:
    id: 1423c3f03bf9
    last_write_checksum: sha1:0fff2d6e0785c7744a50455853c309f7ca609fd5
    pristine_git_object: 1a2c119e6ecee3f1116cc98968a9cc86cdde503e
  src/youdotcom/models/agentsrunsop.py:
    id: b0d55d74eb29
    last_write_checksum: sha1:3b2198586c6819837835eb8a6a2b5e90722f0136
    pristine_git_object: 2ac90c01209da9babf694e453a9bdd7ba8f7f517
  src/youdotcom/models/computetool.py:
    id: 5353a2de6f97
    last_write_checksum: sha1:4c65a3868a85ac0ca4a08e8ab10f1dc34bf7f364
    pristine_git_object: 12538817aaf1efe50c87ee29995f423b1c89567c
  src/youdotcom/models/contents.py:
    id: c1d5af212a4c
    last_write_checksum: sha1:c3b6a119c617166269004dd2967c5121c36ad98d
    pristine_git_object: ecf165e3b60ee5779f96276b3ce6ae9a59a0c381
  src/youdotcom/models/contentsformats.py:
    id: 0d5f457da03c
    last_write_checksum: sha1:c226d046ba051044bde0ba070143fcc2cabe5ed8
    pristine_git_object: 91f16e0e9d599e1a9c4b819ac25ac07a8246cb4c
  src/youdotcom/models/contentsmetadata.py:
    id: 4e49905aae0b
    last_write_checksum: sha1:065212c12a231f1f080a194d6b31375a5fb2ff88
    pristine_git_object: 6324e63c7f280e72fd1c0d1711b78b3c37be448b
  src/youdotcom/models/contentsop.py:
    id: ca42ef875c5f
    last_write_checksum: sha1:281db131fb9b8e4feef7f8c31cea58fc99aa89e0
    pristine_git_object: fc47c7fd77d691d12d06e8cd6a2f9d8ddca8a7a3
  src/youdotcom/models/country.py:
    id: 725d2a57cc07
    last_write_checksum: sha1:7827b3e65afd2ee86078e45ac373cedfe5d68766
    pristine_git_object: 720e60691d5f653cae80488c00e54063953596e8
  src/youdotcom/models/customagentrunsrequest.py:
    id: 089bb3a5b607
    last_write_checksum: sha1:d29b92460db8c7195464d851d436d18c47334357
    pristine_git_object: 759f45bd1053d6b4f52400434edadb027661958b
  src/youdotcom/models/expressagentrunsrequest.py:
    id: 0f698f43a90d
    last_write_checksum: sha1:182e79b7735aaa20c2e7203a787267cde8f2c2b7
    pristine_git_object: f4f5de0e9c96adf70854876f0eb06d319e464eba
  src/youdotcom/models/freshness.py:
    id: c7c960c20e5e
    last_write_checksum: sha1:48ae86226706f17277fc58f132b55eef545888a4
    pristine_git_object: da5bd9fe7c0e3abd649a48b5114ce9845646d3bc
  src/youdotcom/models/language.py:
    id: 4e51e1ee857d
    last_write_checksum: sha1:ad95c07ec07475141310e8ae5b4ac02dc1fbd703
    pristine_git_object: 25de23324976b84667fff8470e76d190d0e0f98a
  src/youdotcom/models/livecrawl.py:
    id: e5dd4948ff3f
    last_write_checksum: sha1:f2b60aa9d84b622f961f81f781574f958c247953
    pristine_git_object: c28464e9c8784e91c7f1e8e2ea417220040eaf58
  src/youdotcom/models/livecrawlformats.py:
    id: 775d02437b81
    last_write_checksum: sha1:9dcad24e8794aefcb929db54d21594ef9809cbb8
    pristine_git_object: 27c9da850bdb854fab602fa2f7df88aedea33b40
  src/youdotcom/models/reportverbosity.py:
    id: 5a8683f42b91
    last_write_checksum: sha1:b7c084407a5584d770deb61970d4953825a3bd2c
    pristine_git_object: 14a8b432a575bc4c291723e98f2586beae4f5939
  src/youdotcom/models/researchop.py:
    id: c1ae2c3f13d9
    last_write_checksum: sha1:fc7c95702b93a5e31edbda349b8acc0199ad084b
    pristine_git_object: f8ec45ce17672dc92b004d989d6c677f89b06668
  src/youdotcom/models/researchtool.py:
    id: 4e0236b1b670
    last_write_checksum: sha1:e90b83ae9dbf18da27bbbf2db81fbd18a16cb4d1
    pristine_git_object: 445f60cce6ef58e3c0da474ac55da3e298ae114b
  src/youdotcom/models/response_created.py:
    id: ec9dee8aac4e
    last_write_checksum: sha1:a4b321cd48f8409910efc27a1bd145f1de254dc7
    pristine_git_object: 509085d15b21cb96bebd088785f773555d029759
  src/youdotcom/models/response_done.py:
    id: 436337f20c7e
    last_write_checksum: sha1:93b52e55c42a41453c2047d62d6e783624fb831b
    pristine_git_object: 599f8a7d5a7f8a4a917d0b3fa1dc2b18a1f9f199
  src/youdotcom/models/response_output_content_full.py:
    id: 7f5d8f4dd4fb
    last_write_checksum: sha1:b1cb42414e2f43af2491431da5e513db6c2d1702
    pristine_git_object: b2bd70cecbd90d17b2f90f83cb1e0e83a328f1b7
  src/youdotcom/models/response_output_item_added.py:
    id: 190e4d2047f4
    last_write_checksum: sha1:b5e09d2685f2197d1f08717fddd1705e5a291a5c
    pristine_git_object: 72949626cb9a3422ae999ea6dcee0cefdc2f205c
  src/youdotcom/models/response_output_item_done.py:
    id: 7a086b15ec74
    last_write_checksum: sha1:088dc34f175c26df4cda6b122148f1de3e3095a5
    pristine_git_object: 54f4cbcfdd897d72c82f926ad627f2200d3530ba
  src/youdotcom/models/response_output_text_delta.py:
    id: a77d5296fe54
    last_write_checksum: sha1:8010dd2b2a35d13f0174d80a06fb549d469645e6
    pristine_git_object: 36aa5a4f36e4d781a5113b0a339a474f4c4b1a09
  src/youdotcom/models/response_starting.py:
    id: ba22f359a5db
    last_write_checksum: sha1:282c112ecc2b6343c5b34fc9af6f3ede1b6b8489
    pristine_git_object: 438a1913bc2391b0d972e30461d0361a7134cb66
  src/youdotcom/models/safesearch.py:
    id: ad014425b7f3
    last_write_checksum: sha1:bda9731af9142b81be895fca26e2499e30edbc1b
    pristine_git_object: 5a64287d13adf6df6ef7e140239bf76fd413ff2c
  src/youdotcom/models/searcheffort.py:
    id: 8864bba8ca75
    last_write_checksum: sha1:8709eb40bec8635ce221ddfad0a3abc8ee3b400d
    pristine_git_object: cec092e4f820d3dfd8d09f8b7bc224c418b8fd49
  src/youdotcom/models/searchop.py:
    id: 525c0a4e8872
    last_write_checksum: sha1:ea521b1b3cf6d34aeabe0268b571f4eec698bf23
    pristine_git_object: a06a0fdcef28814a51726bba187cbc82958d7f48
  src/youdotcom/models/security.py:
    id: 3a94d17768c4
    last_write_checksum: sha1:8b1c11f19ca3684c0330a4884c0f45b165578a7b
    pristine_git_object: 77789954602ab51b6083ecc41e63511cf49d9e5a
  src/youdotcom/models/verbosity.py:
    id: 68768141a514
    last_write_checksum: sha1:ba9d4ee35bed37f14d67ca27f38cb0efc44eb132
    pristine_git_object: 666d75aaa5f5ab22a259d8fe1aa08f599c79e104
  src/youdotcom/models/websearchtool.py:
    id: 8240ffdc3807
    last_write_checksum: sha1:44338571c786fbf9377a82ca0e0ff57a26472e66
    pristine_git_object: 7834ec3a54a74c67a575b3c2987299989f07aac7
  src/youdotcom/py.typed:
    id: 90f76277734b
    last_write_checksum: sha1:8efc425ffe830805ffcc0f3055871bdcdc542c60
    pristine_git_object: 3e38f1a929f7d6b1d6de74604aa87e3d8f010544
  src/youdotcom/runs.py:
    id: 8011c1ffa5a1
    last_write_checksum: sha1:08b88bce4f60cfac1d6744f077e27175a20b1987
    pristine_git_object: 0fc591713191bcd659057fcdc05e2b07139b3457
  src/youdotcom/sdk.py:
    id: 90954e74e7b7
    last_write_checksum: sha1:5e14bed0ce6e55976b40bacba13ccd526ec818fe
    pristine_git_object: c72bef1f7ba827516449fd4e30e1378189a9542b
  src/youdotcom/sdkconfiguration.py:
    id: eb56427350d9
    last_write_checksum: sha1:f62ffed1bbe732f18d96076c622fccf3eb8c2f6c
    pristine_git_object: ea49a89ef4840777202f1440fbf116e2f63d7a56
  src/youdotcom/search.py:
    id: 5e475f9db47f
    last_write_checksum: sha1:fa2b85d71f14cc589fbb190c2475f387aea8f5fa
    pristine_git_object: 355ce7774b9722b1f02ab98634f9481831ace609
  src/youdotcom/types/__init__.py:
    id: 5e0774b59bbc
    last_write_checksum: sha1:140ebdd01a46f92ffc710c52c958c4eba3cf68ed
    pristine_git_object: fc76fe0c5505e29859b5d2bb707d48fd27661b8c
  src/youdotcom/types/basemodel.py:
    id: cbf130c761e5
    last_write_checksum: sha1:10d84aedeb9d35edfdadf2c3020caa1d24d8b584
    pristine_git_object: a9a640a1a7048736383f96c67c6290c86bf536ee
  src/youdotcom/utils/__init__.py:
    id: bd4acfd8ce6a
    last_write_checksum: sha1:0f93d821f9cb3e061ea125d881bb6f61166738dd
    pristine_git_object: aded7597c2bbc4e3fa7f555755d894671ac57741
  src/youdotcom/utils/annotations.py:
    id: bc5c21b7250e
    last_write_checksum: sha1:a4824ad65f730303e4e1e3ec1febf87b4eb46dbc
    pristine_git_object: 12e0aa4f1151bb52474cc02e88397329b90703f6
  src/youdotcom/utils/datetimes.py:
    id: 2b6c0dd73070
    last_write_checksum: sha1:c721e4123000e7dc61ec52b28a739439d9e17341
    pristine_git_object: a6c52cd61bbe2d459046c940ce5e8c469f2f0664
  src/youdotcom/utils/dynamic_imports.py:
    id: 09b830ea97a1
    last_write_checksum: sha1:a1940c63feb8eddfd8026de53384baf5056d5dcc
    pristine_git_object: 673edf82a97d0fea7295625d3e092ea369a36b79
  src/youdotcom/utils/enums.py:
    id: 6e8be91b2dd2
    last_write_checksum: sha1:bc8c3c1285ae09ba8a094ee5c3d9c7f41fa1284d
    pristine_git_object: 3324e1bc2668c54c4d5f5a1a845675319757a828
  src/youdotcom/utils/eventstreaming.py:
    id: 5f31d9da5a93
    last_write_checksum: sha1:ffa870a25a7e4e2015bfd7a467ccd3aa1de97f0e
    pristine_git_object: f2052fc22d9fd6c663ba3dce019fe234ca37108b
  src/youdotcom/utils/forms.py:
    id: 1bf9b877c054
    last_write_checksum: sha1:0ca31459b99f761fcc6d0557a0a38daac4ad50f4
    pristine_git_object: 1e550bd5c2c35d977ddc10f49d77c23cb12c158d
  src/youdotcom/utils/headers.py:
    id: f1171bccb6d8
    last_write_checksum: sha1:7c6df233ee006332b566a8afa9ce9a245941d935
    pristine_git_object: 37864cbbbc40d1a47112bbfdd3ba79568fc8818a
  src/youdotcom/utils/logger.py:
    id: e03b4d05c523
    last_write_checksum: sha1:c63d1633efc3bd6b0b479ac038b13e1bc6150fe1
    pristine_git_object: 6ae3abd220a08af699d685aa61dd4168df6dbcfa
  src/youdotcom/utils/metadata.py:
    id: f6d2fb72eae3
    last_write_checksum: sha1:c6a560bd0c63ab158582f34dadb69433ea73b3d4
    pristine_git_object: 173b3e5ce658675c2f504222a56b3daaaa68107d
  src/youdotcom/utils/queryparams.py:
    id: 1340b8e3e103
    last_write_checksum: sha1:b94c3f314fd3da0d1d215afc2731f48748e2aa59
    pristine_git_object: c04e0db82b68eca041f2cb2614d748fbac80fd41
  src/youdotcom/utils/requestbodies.py:
    id: 1276b4c43669
    last_write_checksum: sha1:41e2d2d2d3ecc394c8122ca4d4b85e1c3e03f054
    pristine_git_object: 1de32b6d26f46590232f398fdba6ce0072f1659c
  src/youdotcom/utils/retries.py:
    id: 384c61cdc8f6
    last_write_checksum: sha1:471372f5c5d1dd5583239c9cf3c75f1b636e5d87
    pristine_git_object: af07d4e941007af4213c5ec9047ef8a2fca04e5e
  src/youdotcom/utils/security.py:
    id: 41e3b3176b50
    last_write_checksum: sha1:8f41e203536f0ab841ea31498ca73556d5cb92b1
    pristine_git_object: e51915d1bd67d63cb62077f19b1b5cd13f747dd6
  src/youdotcom/utils/serializers.py:
    id: 360f8e2583cc
    last_write_checksum: sha1:ce1d8d7f500a9ccba0aeca5057cee9c271f4dfd7
    pristine_git_object: 14321eb479de81d0d9580ec8291e0ff91bf29e57
  src/youdotcom/utils/unmarshal_json_response.py:
    id: ae5a7f2d9dc3
    last_write_checksum: sha1:aae3840de6b5894dcf8f167fd83b6b77294041ef
    pristine_git_object: 131b392d5cc7e7fb1bb462a3717a4a408f202c65
  src/youdotcom/utils/url.py:
    id: 593048ceb18a
    last_write_checksum: sha1:6479961baa90432ca25626f8e40a7bbc32e73b41
    pristine_git_object: c78ccbae426ce6d385709d97ce0b1c2813ea2418
  src/youdotcom/utils/values.py:
    id: 13f600b5fe36
    last_write_checksum: sha1:acaa178a7c41ddd000f58cc691e4632d925b2553
    pristine_git_object: dae01a44384ac3bc13ae07453a053bf6c898ebe3
examples:
  AgentsRuns:
    express_batch:
      requestBody:
        application/json: {"agent": "express", "input": "What is the capital of France?", "stream": false}
      responses:
        "200":
          application/json: {"agent": "express", "mode": "express", "input": [{"role": "user", "content": "What is the capital of France?"}], "output": []}
        "400":
          application/json: {"detail": "Invalid or expired API key"}
        "401":
          application/json: {"detail": "Invalid or expired API key"}
        "422":
          application/json: {"detail": [{"type": "model_attributes_type", "loc": ["body", "tools", 0], "msg": "Input should be a valid dictionary or object to extract fields from", "input": "web_search"}]}
    express_stream:
      requestBody:
        application/json: {"agent": "express", "input": "What are some great recipes I can make in under half an hour", "stream": true, "tools": [{"type": "web_search"}]}
      responses:
        "200":
          application/json: {"agent": "express", "mode": "express", "input": [{"role": "user", "content": "What is the capital of France?"}], "output": []}
        "400":
          application/json: {"detail": "Invalid or expired API key"}
        "401":
          application/json: {"detail": "Invalid or expired API key"}
        "422":
          application/json: {"detail": [{"type": "model_attributes_type", "loc": ["body", "tools", 0], "msg": "Input should be a valid dictionary or object to extract fields from", "input": "web_search"}]}
    advanced_batch:
      requestBody:
        application/json: {"agent": "advanced", "input": "You are a biologist studying the impacts of microplastics. Explain what microplastics are to a group of engineers, explain the impacts of microplastics on the body, and what the common sources and dosages of microplastics are. Highlight what a safe dosage might be and how to achieve it", "stream": false, "tools": [{"type": "research", "search_effort": "auto", "report_verbosity": "medium"}]}
      responses:
        "200":
          application/json: {"agent": "express", "mode": "express", "input": [{"role": "user", "content": "What is the capital of France?"}], "output": []}
        "400":
          application/json: {"detail": "Invalid or expired API key"}
        "401":
          application/json: {"detail": "Invalid or expired API key"}
        "422":
          application/json: {"detail": [{"type": "model_attributes_type", "loc": ["body", "tools", 0], "msg": "Input should be a valid dictionary or object to extract fields from", "input": "web_search"}]}
    advanced_stream:
      requestBody:
        application/json: {"agent": "express", "input": "Analyze the economic impact of renewable energy adoption", "stream": true, "tools": [{"type": "web_search"}]}
      responses:
        "200":
          application/json: {"agent": "express", "mode": "express", "input": [{"role": "user", "content": "What is the capital of France?"}], "output": []}
        "400":
          application/json: {"detail": "Invalid or expired API key"}
        "401":
          application/json: {"detail": "Invalid or expired API key"}
        "422":
          application/json: {"detail": [{"type": "model_attributes_type", "loc": ["body", "tools", 0], "msg": "Input should be a valid dictionary or object to extract fields from", "input": "web_search"}]}
    custom_batch:
      requestBody:
        application/json: {"agent": "63773261-b4de-4d8f-9dfd-cff206a5cb51", "input": "What is the capital of France?", "stream": false}
      responses:
        "200":
          application/json: {"agent": "express", "mode": "express", "input": [{"role": "user", "content": "What is the capital of France?"}], "output": []}
        "400":
          application/json: {"detail": "Invalid or expired API key"}
        "401":
          application/json: {"detail": "Invalid or expired API key"}
        "422":
          application/json: {"detail": [{"type": "model_attributes_type", "loc": ["body", "tools", 0], "msg": "Input should be a valid dictionary or object to extract fields from", "input": "web_search"}]}
    custom_stream:
      requestBody:
        application/json: {"agent": "63773261-b4de-4d8f-9dfd-cff206a5cb51", "input": "Tell me about the history of Paris", "stream": true}
      responses:
        "200":
          application/json: {"agent": "express", "mode": "express", "input": [{"role": "user", "content": "What is the capital of France?"}], "output": []}
        "400":
          application/json: {"detail": "Invalid or expired API key"}
        "401":
          application/json: {"detail": "Invalid or expired API key"}
        "422":
          application/json: {"detail": [{"type": "model_attributes_type", "loc": ["body", "tools", 0], "msg": "Input should be a valid dictionary or object to extract fields from", "input": "web_search"}]}
    speakeasy-default-agents-runs:
      requestBody:
        application/json: {"agent": "63773261-b4de-4d8f-9dfd-cff206a5cb51", "input": "What are some insights about my data?", "stream": false}
      responses:
        "200":
          application/json: {"agent": "express", "mode": "express", "input": [{"role": "user", "content": "What is the capital of France?"}], "output": []}
        "400":
          application/json: {"detail": "Invalid or expired API key"}
        "401":
          application/json: {"detail": "Invalid or expired API key"}
        "422":
          application/json: {"detail": [{"type": "model_attributes_type", "loc": ["body", "tools", 0], "msg": "Input should be a valid dictionary or object to extract fields from", "input": "web_search"}]}
  search:
    speakeasy-default-search:
      parameters:
        query:
          query: "Your query"
          language: "EN"
          count: 10
      responses:
        "200":
          application/json: {"results": {"web": [{"url": "https://you.com", "title": "The World's Greatest Search Engine!", "description": "Search on YDC", "snippets": ["I'm an AI assistant that helps you get more done. What can I help you with?"], "thumbnail_url": "https://www.somethumbnailsite.com/thumbnail.jpg", "page_age": "2025-06-25T11:41:00", "authors": ["John Doe"], "favicon_url": "https://someurl.com/favicon"}], "news": [{"title": "Exclusive | You.com becomes the backbone of the EU's AI strategy", "description": "As the EU's AI strategy is being debated, You.com becomes the backbone of the EU's AI strategy.", "page_age": "2025-06-25T11:41:00", "thumbnail_url": "https://www.somethumbnailsite.com/thumbnail.jpg", "url": "https://www.you.com/news/eu-ai-strategy-youcom"}]}, "metadata": {"search_uuid": "942ccbdd-7705-4d9c-9d37-4ef386658e90", "query": "Your query", "latency": 0.123}}
        "401":
          application/json: {}
        "403":
          application/json: {}
        "500":
          application/json: {}
    missingApiKey:
      parameters:
        query:
          query: "Your query"
          language: "EN"
          count: 10
      responses:
        "401":
          application/json: {"detail": "API key is required"}
    invalidOrExpired:
      parameters:
        query:
          query: "Your query"
          language: "EN"
          count: 10
      responses:
        "401":
          application/json: {"detail": "Invalid or expired API key"}
    otherAuthParsing:
      parameters:
        query:
          query: "Your query"
          language: "EN"
          count: 10
      responses:
        "401":
          application/json: {"detail": "<error message>"}
    missingScopes:
      parameters:
        query:
          query: "Your query"
          language: "EN"
          count: 10
      responses:
        "403":
          application/json: {"detail": "Missing required scopes"}
    authFailure:
      parameters:
        query:
          query: "Your query"
          language: "EN"
          count: 10
      responses:
        "500":
          application/json: {"detail": "Internal authentication error"}
    authorizationFailure:
      parameters:
        query:
          query: "Your query"
          language: "EN"
          count: 10
      responses:
        "500":
          application/json: {"detail": "Internal authorization error"}
  contents:
    missingApiKey:
      requestBody:
        application/json: {"urls": ["https://www.you.com"], "formats": ["html", "markdown"], "crawl_timeout": 10}
      responses:
        "401":
          application/json: {"detail": "API key is required"}
    invalidOrExpired:
      requestBody:
        application/json: {"urls": ["https://www.you.com"], "formats": ["html", "markdown"], "crawl_timeout": 10}
      responses:
        "401":
          application/json: {"detail": "Invalid or expired API key"}
    otherAuthParsing:
      requestBody:
        application/json: {"urls": ["https://www.you.com"], "formats": ["html", "markdown"], "crawl_timeout": 10}
      responses:
        "401":
          application/json: {"detail": "<error message>"}
    missingScopes:
      requestBody:
        application/json: {"urls": ["https://www.you.com"], "formats": ["html", "markdown"], "crawl_timeout": 10}
      responses:
        "403":
          application/json: {"detail": "Missing required scopes"}
    authFailure:
      requestBody:
        application/json: {"urls": ["https://www.you.com"], "formats": ["html", "markdown"], "crawl_timeout": 10}
      responses:
        "500":
          application/json: {"detail": "Internal authentication error"}
    authorizationFailure:
      requestBody:
        application/json: {"urls": ["https://www.you.com"], "formats": ["html", "markdown"], "crawl_timeout": 10}
      responses:
        "500":
          application/json: {"detail": "Internal authorization error"}
    speakeasy-default-contents:
      requestBody:
        application/json: {"urls": ["https://www.you.com"], "formats": ["html", "markdown"], "crawl_timeout": 10}
      responses:
        "200":
          application/json: [{"url": "https://www.you.com", "title": "The best website in the world", "metadata": {"site_name": "You.com", "favicon_url": "https://api.ydc-index.io/favicon?domain=you.com&size=128"}}]
        "401":
          application/json: {}
        "403":
          application/json: {}
        "500":
          application/json: {}
  research:
    speakeasy-default-research:
      requestBody:
        application/json: {"input": "<value>", "research_effort": "standard"}
      responses:
        "200":
          application/json: {"output": {"content": "<value>", "content_type": "text", "sources": []}}
        "401":
          application/json: {}
        "403":
          application/json: {}
        "422":
          application/json: {"detail": [{"type": "missing", "loc": ["body", "input"], "msg": "Field required", "input": "<value>"}]}
        "500":
          application/json: {}
    missingApiKey:
      requestBody:
        application/json: {"input": "<value>", "research_effort": "standard"}
      responses:
        "401":
          application/json: {"detail": "API key is required"}
    invalidOrExpired:
      requestBody:
        application/json: {"input": "<value>", "research_effort": "standard"}
      responses:
        "401":
          application/json: {"detail": "Invalid or expired API key"}
    otherAuthParsing:
      requestBody:
        application/json: {"input": "<value>", "research_effort": "standard"}
      responses:
        "401":
          application/json: {"detail": "<error message>"}
    missingScopes:
      requestBody:
        application/json: {"input": "<value>", "research_effort": "standard"}
      responses:
        "403":
          application/json: {"detail": "Missing required scopes"}
    missingField:
      requestBody:
        application/json: {"input": "<value>", "research_effort": "standard"}
      responses:
        "422":
          application/json: {"detail": [{"type": "missing", "loc": ["body", "input"], "msg": "Field required", "input": {}}]}
    invalidEnum:
      requestBody:
        application/json: {"input": "<value>", "research_effort": "standard"}
      responses:
        "422":
          application/json: {"detail": [{"type": "enum", "loc": ["body", "research_effort"], "msg": "Input should be 'lite', 'standard', 'deep' or 'exhaustive'", "input": "invalid_value", "ctx": {"expected": "'lite', 'standard', 'deep' or 'exhaustive'"}}]}
    stringTooLong:
      requestBody:
        application/json: {"input": "<value>", "research_effort": "standard"}
      responses:
        "422":
          application/json: {"detail": [{"type": "string_too_long", "loc": ["body", "input"], "msg": "String should have at most 40000 characters", "input": "<truncated>", "ctx": {"max_length": 40000}}]}
    invalidJson:
      requestBody:
        application/json: {"input": "<value>", "research_effort": "standard"}
      responses:
        "422":
          application/json: {"detail": [{"type": "json_invalid", "loc": ["body", 115], "msg": "JSON decode error", "input": {}, "ctx": {"error": "Invalid control character at"}}]}
    authFailure:
      requestBody:
        application/json: {"input": "<value>", "research_effort": "standard"}
      responses:
        "500":
          application/json: {"detail": "Internal authentication error"}
    authorizationFailure:
      requestBody:
        application/json: {"input": "<value>", "research_effort": "standard"}
      responses:
        "500":
          application/json: {"detail": "Internal authorization error"}
examplesVersion: 1.0.2
generatedTests: {}
