lockVersion: 2.0.0
id: c1651d80-fc31-474f-b74b-64723666cc6b
management:
  docChecksum: 3a028596f2ba1bfaf99dd578fc0e9c48
  docVersion: 0.0.1
  speakeasyVersion: 1.658.2
  generationVersion: 2.755.9
  releaseVersion: 1.4.1
  configChecksum: 416a21c29febc14dbe98ca9af403ba3a
features:
  python:
    acceptHeaders: 3.0.0
    additionalDependencies: 1.0.0
    additionalProperties: 1.0.1
    constsAndDefaults: 1.0.5
    core: 5.23.9
    defaultEnabledRetries: 0.2.0
    devContainers: 3.0.0
    enumUnions: 0.1.0
    enums: 3.2.0
    envVarSecurityUsage: 0.3.2
    flatRequests: 1.0.1
    flattening: 3.1.1
    globalSecurity: 3.0.4
    globalSecurityCallbacks: 1.0.0
    globalSecurityFlattening: 1.0.0
    globalServerURLs: 3.2.0
    groups: 3.0.1
    methodArguments: 1.0.2
    methodServerURLs: 3.1.1
    nameOverrides: 3.0.1
    nullables: 1.0.1
    responseFormat: 1.0.1
    retries: 3.0.2
    sdkHooks: 1.1.0
    serverEvents: 1.0.11
    unions: 3.1.0
generatedFiles:
  - .devcontainer/README.md
  - .devcontainer/devcontainer.json
  - .devcontainer/setup.sh
  - .gitattributes
  - .vscode/settings.json
  - USAGE.md
  - docs/errors/badrequesterror.md
  - docs/errors/getv1searchforbiddenerror.md
  - docs/errors/getv1searchinternalservererror.md
  - docs/errors/getv1searchunauthorizederror.md
  - docs/errors/postv1agentsrunsforbiddenerror.md
  - docs/errors/postv1agentsrunsunauthorizederror.md
  - docs/errors/postv1contentsforbiddenerror.md
  - docs/errors/postv1contentsinternalservererror.md
  - docs/errors/postv1contentsunauthorizederror.md
  - docs/models/agent.md
  - docs/models/agenttype.md
  - docs/models/badrequesterror.md
  - docs/models/chatanswerfull.md
  - docs/models/chatanswerfullsource.md
  - docs/models/computeresultsfull.md
  - docs/models/computetool.md
  - docs/models/content.md
  - docs/models/contentunion1.md
  - docs/models/contentunion2.md
  - docs/models/country.md
  - docs/models/data.md
  - docs/models/forbiddenerror.md
  - docs/models/format_.md
  - docs/models/formatenum1.md
  - docs/models/formatenum2.md
  - docs/models/freshness.md
  - docs/models/fullresponse.md
  - docs/models/genericfull.md
  - docs/models/getv1searchcontents.md
  - docs/models/getv1searchcountry.md
  - docs/models/getv1searchfreshness.md
  - docs/models/getv1searchlivecrawl.md
  - docs/models/getv1searchlivecrawlformats.md
  - docs/models/getv1searchmetadata.md
  - docs/models/getv1searchrequest.md
  - docs/models/getv1searchresponse.md
  - docs/models/getv1searchsafesearch.md
  - docs/models/language.md
  - docs/models/livecrawl.md
  - docs/models/livecrawlformats.md
  - docs/models/livecrawlresultsfull.md
  - docs/models/news.md
  - docs/models/output.md
  - docs/models/postv1agentsrunseventstreamresponsebody.md
  - docs/models/postv1agentsrunsrequest.md
  - docs/models/postv1agentsrunsresponse.md
  - docs/models/postv1agentsrunsresponsebody.md
  - docs/models/postv1contentsmetadata.md
  - docs/models/postv1contentsrequest.md
  - docs/models/postv1contentsresponse.md
  - docs/models/reportverbosity.md
  - docs/models/researchresultsfull.md
  - docs/models/researchresultsfullsource.md
  - docs/models/researchtool.md
  - docs/models/response.md
  - docs/models/result.md
  - docs/models/results.md
  - docs/models/safesearch.md
  - docs/models/searcheffort.md
  - docs/models/searcheffortenum.md
  - docs/models/security.md
  - docs/models/tool.md
  - docs/models/trigger.md
  - docs/models/unauthorizederror.md
  - docs/models/utils/retryconfig.md
  - docs/models/verbosity.md
  - docs/models/web.md
  - docs/models/websearchresultsfull.md
  - docs/models/websearchtool.md
  - docs/models/workflowconfig.md
  - docs/sdks/contentssdk/README.md
  - docs/sdks/runs/README.md
  - docs/sdks/search/README.md
  - py.typed
  - pylintrc
  - pyproject.toml
  - scripts/publish.sh
  - src/youdotcom/__init__.py
  - src/youdotcom/_hooks/__init__.py
  - src/youdotcom/_hooks/sdkhooks.py
  - src/youdotcom/_hooks/types.py
  - src/youdotcom/_version.py
  - src/youdotcom/agents.py
  - src/youdotcom/basesdk.py
  - src/youdotcom/contents_sdk.py
  - src/youdotcom/errors/__init__.py
  - src/youdotcom/errors/get_v1_searchop.py
  - src/youdotcom/errors/no_response_error.py
  - src/youdotcom/errors/post_v1_agents_runsop.py
  - src/youdotcom/errors/post_v1_contentsop.py
  - src/youdotcom/errors/responsevalidationerror.py
  - src/youdotcom/errors/youdefaulterror.py
  - src/youdotcom/errors/youerror.py
  - src/youdotcom/httpclient.py
  - src/youdotcom/models/__init__.py
  - src/youdotcom/models/agenttype.py
  - src/youdotcom/models/chatanswerfull.py
  - src/youdotcom/models/computeresultsfull.py
  - src/youdotcom/models/computetool.py
  - src/youdotcom/models/country.py
  - src/youdotcom/models/freshness.py
  - src/youdotcom/models/fullresponse.py
  - src/youdotcom/models/genericfull.py
  - src/youdotcom/models/get_v1_searchop.py
  - src/youdotcom/models/language.py
  - src/youdotcom/models/livecrawl.py
  - src/youdotcom/models/livecrawlformats.py
  - src/youdotcom/models/livecrawlresultsfull.py
  - src/youdotcom/models/post_v1_agents_runsop.py
  - src/youdotcom/models/post_v1_contentsop.py
  - src/youdotcom/models/researchresultsfull.py
  - src/youdotcom/models/researchtool.py
  - src/youdotcom/models/safesearch.py
  - src/youdotcom/models/searcheffort_enum.py
  - src/youdotcom/models/security.py
  - src/youdotcom/models/tool.py
  - src/youdotcom/models/trigger.py
  - src/youdotcom/models/verbosity.py
  - src/youdotcom/models/websearchresultsfull.py
  - src/youdotcom/models/websearchtool.py
  - src/youdotcom/py.typed
  - src/youdotcom/runs.py
  - src/youdotcom/sdk.py
  - src/youdotcom/sdkconfiguration.py
  - src/youdotcom/search.py
  - src/youdotcom/types/__init__.py
  - src/youdotcom/types/basemodel.py
  - src/youdotcom/utils/__init__.py
  - src/youdotcom/utils/annotations.py
  - src/youdotcom/utils/datetimes.py
  - src/youdotcom/utils/enums.py
  - src/youdotcom/utils/eventstreaming.py
  - src/youdotcom/utils/forms.py
  - src/youdotcom/utils/headers.py
  - src/youdotcom/utils/logger.py
  - src/youdotcom/utils/metadata.py
  - src/youdotcom/utils/queryparams.py
  - src/youdotcom/utils/requestbodies.py
  - src/youdotcom/utils/retries.py
  - src/youdotcom/utils/security.py
  - src/youdotcom/utils/serializers.py
  - src/youdotcom/utils/unmarshal_json_response.py
  - src/youdotcom/utils/url.py
  - src/youdotcom/utils/values.py
examples:
  post_/v1/agents/runs:
    speakeasy-default-post-/v1-/agents/runs:
      requestBody:
        application/json: {"agent": "<value>", "input": "<value>", "stream": false}
      responses:
        "200":
          application/json: {"output": [{"type": "web_search.results, message.answer", "text": "The capital of France is Paris.", "content": ["<value 1>", "<value 2>", "<value 3>"], "agent": "express"}]}
        "400":
          application/json: {"errors": []}
        "401":
          application/json: {"errors": []}
        "403":
          application/json: {"errors": [{"status": "403", "code": "tool_not_allowed", "title": "Tool not allowed", "detail": "You are not allowed to use the requested tool for this agent or tenant."}]}
  post_/v1/contents:
    missingApiKey:
      requestBody:
        application/json: {"urls": ["https://www.you.com"], "format": "html"}
      responses:
        "401":
          application/json: {"detail": "API key is required"}
    invalidOrExpired:
      requestBody:
        application/json: {"urls": ["https://www.you.com"], "format": "html"}
      responses:
        "401":
          application/json: {"detail": "Invalid or expired API key"}
    otherAuthParsing:
      requestBody:
        application/json: {"urls": ["https://www.you.com"], "format": "html"}
      responses:
        "401":
          application/json: {"detail": "<error message>"}
    missingScopes:
      requestBody:
        application/json: {"urls": ["https://www.you.com"], "format": "html"}
      responses:
        "403":
          application/json: {"detail": "Missing required scopes"}
    authFailure:
      requestBody:
        application/json: {"urls": ["https://www.you.com"], "format": "html"}
      responses:
        "500":
          application/json: {"detail": "Internal authentication error"}
    authorizationFailure:
      requestBody:
        application/json: {"urls": ["https://www.you.com"], "format": "html"}
      responses:
        "500":
          application/json: {"detail": "Internal authorization error"}
  get_/v1/search:
    speakeasy-default-get-/v1-/search:
      parameters:
        query:
          query: "Your query"
          language: "EN"
      responses:
        "200":
          application/json: {"results": {"web": [{"url": "https://you.com", "title": "The World's Greatest Search Engine!", "description": "Search on YDC", "snippets": ["I'm an AI assistant that helps you get more done. What can I help you with?"], "thumbnail_url": "https://www.somethumbnailsite.com/thumbnail.jpg", "page_age": "2025-06-25T11:41:00", "authors": ["John Doe"], "favicon_url": "https://someurl.com/favicon"}], "news": [{"title": "Exclusive | You.com becomes the backbone of the EU's AI strategy", "description": "As the EU's AI strategy is being debated, You.com becomes the backbone of the EU's AI strategy.", "page_age": "2025-06-25T11:41:00", "thumbnail_url": "https://www.somethumbnailsite.com/thumbnail.jpg", "url": "https://www.you.com/news/eu-ai-strategy-youcom"}]}, "metadata": {"search_uuid": "942ccbdd-7705-4d9c-9d37-4ef386658e90", "query": "Your query", "latency": 0.123}}
        "401":
          application/json: {}
        "403":
          application/json: {}
        "500":
          application/json: {}
    missingApiKey:
      parameters:
        query:
          query: "Your query"
          language: "EN"
      responses:
        "401":
          application/json: {"detail": "API key is required"}
    invalidOrExpired:
      parameters:
        query:
          query: "Your query"
          language: "EN"
      responses:
        "401":
          application/json: {"detail": "Invalid or expired API key"}
    otherAuthParsing:
      parameters:
        query:
          query: "Your query"
          language: "EN"
      responses:
        "401":
          application/json: {"detail": "<error message>"}
    missingScopes:
      parameters:
        query:
          query: "Your query"
          language: "EN"
      responses:
        "403":
          application/json: {"detail": "Missing required scopes"}
    authFailure:
      parameters:
        query:
          query: "Your query"
          language: "EN"
      responses:
        "500":
          application/json: {"detail": "Internal authentication error"}
    authorizationFailure:
      parameters:
        query:
          query: "Your query"
          language: "EN"
      responses:
        "500":
          application/json: {"detail": "Internal authorization error"}
examplesVersion: 1.0.2
