src/youdotcom/_hooks/types.py
src/youdotcom/models/researchresponse.py
docs/models/financeresearchoutput.md
docs/models/financeresearchcontenttype.md
src/youdotcom/models/response_done.py
docs/errors/researchinternalservererror.md
src/youdotcom/models/country.py
docs/errors/researchforbiddenerror.md
docs/models/outputschema.md
src/youdotcom/models/response_starting.py
src/youdotcom/errors/agentruns401response_error.py
src/youdotcom/models/agentruns422response_error.py
src/youdotcom/_hooks/__init__.py
docs/models/loc.md
docs/models/livecrawlformats.md
src/youdotcom/models/freshness.py
src/youdotcom/errors/agentruns422response_error.py
docs/models/financeresearchrequest.md
docs/errors/researchunprocessableentityerror.md
src/youdotcom/models/safesearch.py
docs/models/researchdetail.md
docs/models/searchmetadata.md
src/youdotcom/models/computetool.py
docs/errors/financeresearchforbiddenerror.md
docs/models/researchloc.md
docs/models/output.md
src/youdotcom/models/response_output_item_done.py
src/youdotcom/models/reportverbosity.py
docs/errors/contentsinternalservererror.md
docs/models/verbosity.md
docs/errors/unprocessableentityresponseerror.md
src/youdotcom/models/contents.py
src/youdotcom/models/financeresearcheffort.py
src/youdotcom/models/security.py
docs/errors/agentruns422responseerror.md
src/youdotcom/errors/finance_researchop.py
src/youdotcom/errors/internalservererror_response.py
src/youdotcom/models/livecrawl.py
src/youdotcom/models/customagentrunsrequest.py
docs/models/researcheffort.md
docs/models/responseoutputitemaddedresponse.md
src/youdotcom/errors/forbidden_response_error.py
docs/models/responseoutputcontentfull.md
src/youdotcom/models/webresult.py
docs/errors/agentruns400responseerror.md
docs/models/agentrunsresponseoutput.md
docs/errors/contentsforbiddenerror.md
src/youdotcom/models/contentsop.py
src/youdotcom/models/response_output_item_added.py
src/youdotcom/models/expressagentrunsrequest.py
docs/models/freshness.md
docs/models/financeresearchresponse.md
docs/models/advancedagentrunsrequest.md
src/youdotcom/models/searchrequestbody.py
docs/models/financeresearchinputunion.md
src/youdotcom/models/contentsformats.py
docs/models/type.md
docs/models/detail.md
USAGE.md
docs/models/financeresearchinput.md
src/youdotcom/models/websearchtool.py
docs/models/financeresearchloc.md
src/youdotcom/errors/agentruns400response_error.py
docs/models/workflowconfig.md
src/youdotcom/models/newsresult.py
docs/models/responseoutputcontentfullresponse.md
docs/models/contenttype.md
docs/models/livecrawl.md
docs/errors/forbiddenresponseerror.md
docs/models/responsedone.md
docs/models/responsecreated.md
docs/models/contentsformats.md
docs/models/responseoutputtextdeltaresponse.md
docs/models/contentsmetadata.md
.vscode/settings.json
src/youdotcom/search.py
docs/models/responsestarting.md
src/youdotcom/models/searchmetadata.py
py.typed
src/youdotcom/models/response_created.py
docs/models/searcheffort.md
docs/models/contentsresponse.md
src/youdotcom/models/__init__.py
docs/models/researchinputunion.md
src/youdotcom/errors/__init__.py
docs/errors/researchunauthorizederror.md
pylintrc
src/youdotcom/models/finance_researchop.py
src/youdotcom/agents.py
pyproject.toml
src/youdotcom/sdkconfiguration.py
src/youdotcom/models/response_output_content_full.py
docs/models/contents.md
docs/models/agentrunsstreamingresponse.md
docs/models/computetool.md
docs/models/contentsrequest.md
src/youdotcom/models/researchop.py
src/youdotcom/models/language.py
scripts/publish.sh
src/youdotcom/models/searchop.py
src/youdotcom/errors/unauthorized_response_error.py
src/youdotcom/_hooks/sdkhooks.py
src/youdotcom/models/searcheffort.py
docs/models/data.md
src/youdotcom/models/contentsmetadata.py
src/youdotcom/models/agentrunsbatchresponse.py
docs/models/responseoutputitemadded.md
src/youdotcom/__init__.py
docs/models/researchrequest.md
docs/models/agentsrunsrequest.md
docs/models/source.md
docs/models/searchrequestbody.md
src/youdotcom/errors/researchop.py
docs/errors/contentsunauthorizederror.md
docs/models/input.md
docs/errors/internalservererrorresponse.md
src/youdotcom/contents_sdk.py
src/youdotcom/_version.py
docs/models/financeresearchsource.md
docs/models/language.md
docs/models/searchresponse.md
src/youdotcom/errors/contentsop.py
docs/models/customagentrunsrequest.md
docs/models/country.md
docs/models/webresult.md
src/youdotcom/basesdk.py
src/youdotcom/models/researchtool.py
docs/models/expressagentrunsrequest.md
src/youdotcom/models/advancedagentrunsrequest.py
docs/models/researchtool.md
docs/errors/financeresearchinternalservererror.md
docs/models/security.md
src/youdotcom/runs.py
src/youdotcom/httpclient.py
docs/models/reportverbosity.md
src/youdotcom/models/response_output_text_delta.py
src/youdotcom/models/livecrawlformats.py
src/youdotcom/py.typed
src/youdotcom/models/agentrunsresponseoutput.py
docs/models/websearchtool.md
src/youdotcom/types/__init__.py
src/youdotcom/types/base64fileinput.py
docs/models/agentrunsresponsewebsearchresult.md
src/youdotcom/types/basemodel.py
docs/models/sourcecontrol.md
docs/models/newsresult.md
src/youdotcom/utils/__init__.py
src/youdotcom/utils/annotations.py
docs/models/agentsrunsresponse.md
src/youdotcom/utils/datetimes.py
docs/models/freshnessvalue.md
src/youdotcom/utils/dynamic_imports.py
docs/models/role.md
src/youdotcom/utils/enums.py
docs/models/researchresponse.md
src/youdotcom/utils/eventstreaming.py
src/youdotcom/utils/forms.py
src/youdotcom/utils/headers.py
src/youdotcom/sdk.py
src/youdotcom/utils/logger.py
docs/models/financeresearcheffort.md
src/youdotcom/utils/metadata.py
src/youdotcom/utils/queryparams.py
src/youdotcom/models/searchpostop.py
.gitattributes
src/youdotcom/utils/requestbodies.py
docs/models/responseoutputitemdoneresponse.md
src/youdotcom/utils/retries.py
src/youdotcom/models/agentsrunsop.py
src/youdotcom/utils/security.py
src/youdotcom/models/researcheffort.py
src/youdotcom/models/verbosity.py
docs/models/financeresearchdetail.md
docs/errors/agentruns401responseerror.md
src/youdotcom/utils/serializers.py
src/youdotcom/utils/unmarshal_json_response.py
src/youdotcom/utils/url.py
src/youdotcom/utils/values.py
src/youdotcom/errors/responsevalidationerror.py
src/youdotcom/errors/youerror.py
src/youdotcom/errors/youdefaulterror.py
src/youdotcom/errors/no_response_error.py
docs/models/utils/retryconfig.md
docs/sdks/contentssdk/README.md
docs/models/researchinput.md
docs/errors/financeresearchunauthorizederror.md
src/youdotcom/models/freshnessvalue.py
docs/models/results.md
docs/models/safesearch.md
docs/models/tool.md
docs/models/responseoutputtextdelta.md
src/youdotcom/errors/unprocessableentity_response_error.py
src/youdotcom/models/agentrunsstreamingresponse.py
docs/errors/unauthorizedresponseerror.md
docs/models/responseoutputitemdone.md
docs/models/utils/retryconfig.md
docs/models/utils/retryconfig.md
docs/models/utils/retryconfig.md
docs/sdks/you/README.md
src/youdotcom/models/agentrunsresponsewebsearchresult.py
docs/models/utils/retryconfig.md
docs/sdks/runs/README.md
docs/errors/financeresearchunprocessableentityerror.md
docs/models/searchrequest.md
src/youdotcom/models/searchresponse.py
docs/models/agentrunsbatchresponse.md
docs/models/responsedoneresponse.md
docs/models/utils/retryconfig.md
docs/sdks/search/README.md
docs/models/content.md
docs/models/agentsrunsrequest.md
src/youdotcom/models/security.py
docs/models/workflowconfig.md
src/youdotcom/models/searchpostop.py
docs/models/financeresearchresponse.md
docs/models/contents.md
docs/models/researchloc.md
docs/models/responseoutputitemdoneresponse.md
docs/models/newsresult.md
docs/models/sourcecontrol.md
docs/models/responseoutputcontentfullresponse.md
docs/models/role.md
.gitattributes
docs/models/security.md
docs/models/contenttype.md
docs/models/researchinputunion.md
docs/models/searchrequestbody.md
src/youdotcom/errors/unprocessableentity_response_error.py
src/youdotcom/models/searchmetadata.py
docs/models/researchresponse.md
docs/errors/financeresearchinternalservererror.md
docs/models/researcheffort.md
src/youdotcom/errors/finance_researchop.py
docs/errors/unauthorizedresponseerror.md
docs/models/agentsrunsresponse.md
docs/models/loc.md
src/youdotcom/agents.py
src/youdotcom/errors/agentruns400response_error.py
src/youdotcom/models/newsresult.py
docs/models/financeresearchinputunion.md
docs/errors/researchforbiddenerror.md
docs/errors/researchunprocessableentityerror.md
docs/models/expressagentrunsrequest.md
src/youdotcom/models/contentsformats.py
docs/models/freshness.md
src/youdotcom/models/researchop.py
src/youdotcom/models/agentrunsresponsewebsearchresult.py
docs/models/researchinput.md
src/youdotcom/models/verbosity.py
docs/models/responseoutputitemdone.md
docs/models/websearchtool.md
docs/models/agentrunsresponsewebsearchresult.md
docs/models/webresult.md
docs/models/tool.md
docs/models/searchmetadata.md
src/youdotcom/_hooks/sdkhooks.py
src/youdotcom/models/response_done.py
docs/models/responseoutputitemaddedresponse.md
docs/models/responsedoneresponse.md
docs/models/financeresearchrequest.md
src/youdotcom/models/contentsop.py
src/youdotcom/sdkconfiguration.py
docs/errors/financeresearchforbiddenerror.md
src/youdotcom/models/advancedagentrunsrequest.py
src/youdotcom/models/safesearch.py
src/youdotcom/errors/internalservererror_response.py
docs/models/responsedone.md
docs/errors/agentruns422responseerror.md
docs/models/advancedagentrunsrequest.md
src/youdotcom/models/contents.py
docs/models/financeresearchdetail.md
docs/models/verbosity.md
src/youdotcom/models/researchresponse.py
src/youdotcom/models/response_output_item_done.py
docs/models/safesearch.md
src/youdotcom/models/country.py
src/youdotcom/models/reportverbosity.py
docs/models/data.md
docs/models/agentrunsbatchresponse.md
.vscode/settings.json
src/youdotcom/models/response_starting.py
py.typed
docs/errors/researchunauthorizederror.md
docs/models/input.md
docs/models/livecrawlformats.md
docs/errors/contentsforbiddenerror.md
src/youdotcom/models/response_output_text_delta.py
src/youdotcom/models/computetool.py
docs/models/contentsrequest.md
pylintrc
src/youdotcom/models/freshnessvalue.py
pyproject.toml
src/youdotcom/models/agentrunsbatchresponse.py
docs/errors/unprocessableentityresponseerror.md
src/youdotcom/models/agentrunsresponseoutput.py
scripts/publish.sh
src/youdotcom/models/language.py
docs/errors/contentsunauthorizederror.md
docs/models/computetool.md
docs/models/responseoutputtextdeltaresponse.md
src/youdotcom/models/finance_researchop.py
src/youdotcom/errors/contentsop.py
src/youdotcom/models/searchop.py
src/youdotcom/models/searchresponse.py
src/youdotcom/models/agentsrunsop.py
src/youdotcom/models/financeresearcheffort.py
src/youdotcom/errors/agentruns422response_error.py
src/youdotcom/__init__.py
src/youdotcom/errors/__init__.py
src/youdotcom/_version.py
docs/errors/financeresearchunprocessableentityerror.md
src/youdotcom/models/researcheffort.py
docs/models/responsecreated.md
docs/models/financeresearchoutput.md
src/youdotcom/models/expressagentrunsrequest.py
src/youdotcom/errors/forbidden_response_error.py
docs/models/output.md
src/youdotcom/errors/researchop.py
docs/models/contentsresponse.md
docs/models/language.md
docs/models/agentrunsresponseoutput.md
docs/models/financeresearcheffort.md
docs/models/agentrunsstreamingresponse.md
docs/models/type.md
src/youdotcom/basesdk.py
USAGE.md
docs/models/reportverbosity.md
src/youdotcom/models/contentsmetadata.py
docs/models/searchrequest.md
src/youdotcom/httpclient.py
src/youdotcom/models/customagentrunsrequest.py
src/youdotcom/py.typed
src/youdotcom/models/livecrawlformats.py
src/youdotcom/models/agentruns422response_error.py
src/youdotcom/types/__init__.py
docs/models/financeresearchinput.md
src/youdotcom/types/base64fileinput.py
src/youdotcom/types/basemodel.py
docs/models/financeresearchcontenttype.md
src/youdotcom/models/agentrunsstreamingresponse.py
docs/errors/researchinternalservererror.md
docs/models/searchresponse.md
src/youdotcom/utils/__init__.py
src/youdotcom/utils/annotations.py
src/youdotcom/utils/datetimes.py
src/youdotcom/_hooks/types.py
docs/errors/financeresearchunauthorizederror.md
src/youdotcom/utils/dynamic_imports.py
src/youdotcom/models/livecrawl.py
src/youdotcom/utils/enums.py
docs/errors/forbiddenresponseerror.md
src/youdotcom/utils/eventstreaming.py
src/youdotcom/utils/forms.py
src/youdotcom/utils/headers.py
src/youdotcom/utils/logger.py
src/youdotcom/utils/metadata.py
src/youdotcom/utils/queryparams.py
src/youdotcom/utils/requestbodies.py
src/youdotcom/utils/retries.py
docs/models/utils/retryconfig.md
src/youdotcom/utils/security.py
docs/sdks/contentssdk/README.md
docs/models/financeresearchsource.md
docs/models/responseoutputtextdelta.md
src/youdotcom/utils/serializers.py
docs/models/results.md
src/youdotcom/utils/unmarshal_json_response.py
src/youdotcom/_hooks/__init__.py
src/youdotcom/utils/url.py
docs/models/customagentrunsrequest.md
src/youdotcom/utils/values.py
src/youdotcom/errors/responsevalidationerror.py
src/youdotcom/errors/agentruns401response_error.py
src/youdotcom/errors/youerror.py
src/youdotcom/errors/youdefaulterror.py
src/youdotcom/errors/no_response_error.py
docs/errors/contentsinternalservererror.md
docs/models/contentsformats.md
docs/models/responseoutputitemadded.md
docs/models/financeresearchloc.md
docs/models/contentsmetadata.md
src/youdotcom/sdk.py
src/youdotcom/models/searcheffort.py
docs/models/source.md
src/youdotcom/models/websearchtool.py
docs/models/content.md
docs/errors/agentruns400responseerror.md
src/youdotcom/models/freshness.py
docs/models/country.md
src/youdotcom/models/response_output_content_full.py
src/youdotcom/contents_sdk.py
src/youdotcom/models/response_created.py
docs/errors/agentruns401responseerror.md
docs/models/utils/retryconfig.md
docs/models/searcheffort.md
docs/models/responsestarting.md
docs/models/freshnessvalue.md
docs/models/responseoutputcontentfull.md
src/youdotcom/models/researchtool.py
src/youdotcom/search.py
docs/models/utils/retryconfig.md
src/youdotcom/runs.py
docs/models/livecrawl.md
src/youdotcom/models/__init__.py
docs/models/researchrequest.md
docs/models/detail.md
src/youdotcom/models/response_output_item_added.py
docs/models/utils/retryconfig.md
docs/sdks/you/README.md
docs/models/researchdetail.md
docs/errors/internalservererrorresponse.md
src/youdotcom/models/webresult.py
docs/models/outputschema.md
src/youdotcom/errors/unauthorized_response_error.py
docs/models/utils/retryconfig.md
docs/sdks/runs/README.md
src/youdotcom/models/searchrequestbody.py
docs/models/utils/retryconfig.md
docs/sdks/search/README.md
docs/models/researchtool.md
