speakeasyVersion: 1.789.1
sources:
    You.com API:
        sourceNamespace: you-com-search-api
        sourceRevisionDigest: sha256:1b718ccb4fb72a672b89e3703519f9f7593af632d689b8695991b76b0073193d
        sourceBlobDigest: sha256:50bd60e232cd9939928c3a8d891b3c4e212b28600f933a1ec129aee2f9aff8d3
        tags:
            - latest
            - 0.0.1
targets:
    you:
        source: You.com API
        sourceNamespace: you-com-search-api
        sourceRevisionDigest: sha256:1b718ccb4fb72a672b89e3703519f9f7593af632d689b8695991b76b0073193d
        sourceBlobDigest: sha256:50bd60e232cd9939928c3a8d891b3c4e212b28600f933a1ec129aee2f9aff8d3
        codeSamplesNamespace: you-com-search-api-code-samples
        codeSamplesRevisionDigest: sha256:b0a2333018ca37ecfcc9f824b023be519b5ee036f67882317ab8e80fbe460d3a
workflow:
    workflowVersion: 1.0.0
    speakeasyVersion: latest
    sources:
        You.com API:
            inputs:
                - location: https://you.com/specs/openapi_unified_agents.yaml
                - location: https://you.com/specs/openapi_search_v1.yaml
                - location: https://you.com/specs/openapi_contents.yaml
                - location: https://you.com/specs/openapi_base.yaml
                - location: https://you.com/specs/openapi_research.yaml
                - location: https://you.com/specs/openapi_finance_research.yaml
            overlays:
                - location: ./overlays/python_overlay.yaml
            output: .speakeasy/out.openapi.yaml
            registry:
                location: registry.speakeasyapi.dev/youcom/python-sdk/you-com-search-api
    targets:
        you:
            target: python
            source: You.com API
            publish:
                pypi:
                    token: $pypi_token
            codeSamples:
                registry:
                    location: registry.speakeasyapi.dev/youcom/python-sdk/you-com-search-api-code-samples
                labelOverride:
                    fixedValue: Python (SDK)
                blocking: false
            testing:
                enabled: false
