speakeasyVersion: 1.680.0
sources:
    You.com API:
        sourceNamespace: you-com-search-api
        sourceRevisionDigest: sha256:e0b0cc76f92610d86e5359925e360a15269d06286eb5db9d9a0af0ce17700fec
        sourceBlobDigest: sha256:e1fcdf368a5f66d9510bc02874a38bfda2e88f48c822c9966f3d9816d9a1e181
        tags:
            - latest
            - 1.0.0
targets:
    you:
        source: You.com API
        sourceNamespace: you-com-search-api
        sourceRevisionDigest: sha256:e0b0cc76f92610d86e5359925e360a15269d06286eb5db9d9a0af0ce17700fec
        sourceBlobDigest: sha256:e1fcdf368a5f66d9510bc02874a38bfda2e88f48c822c9966f3d9816d9a1e181
        codeSamplesNamespace: you-com-search-api-code-samples
        codeSamplesRevisionDigest: sha256:6f27c553247c2bcd7c70be4084e9bdd18a4734cc9c02c0b22f67d2e1cadab51d
workflow:
    workflowVersion: 1.0.0
    speakeasyVersion: latest
    sources:
        You.com API:
            inputs:
                - location: ./openapi_schemas/openapi_unified_agents.yaml
                - location: ./openapi_schemas/openapi_search_v1.yaml
                - location: ./openapi_schemas/openapi_contents.yaml
                - location: ./openapi_schemas/openapi_base.yaml
            overlays:
                - location: ./openapi_schemas/python_overlay.yaml
            output: .speakeasy/out.openapi.yaml
            registry:
                location: registry.speakeasyapi.dev/youcom/python-sdk/you-com-search-api
    targets:
        you:
            target: python
            source: You.com API
            publish:
                pypi:
                    token: $pypi_token
            codeSamples:
                registry:
                    location: registry.speakeasyapi.dev/youcom/python-sdk/you-com-search-api-code-samples
                labelOverride:
                    fixedValue: Python (SDK)
                blocking: false
            testing:
                enabled: false
